
Microsoft Visual Studio Solution File, Format Version 12.00
# Visual Studio 15
VisualStudioVersion = 15.0.27703.2035
MinimumVisualStudioVersion = 10.0.40219.1
Project("{E24C65DC-7377-472B-9ABA-BC803B73C61A}") = "WorkingWithGitInVisualStudio", "WorkingWithGitInVisualStudio\", "{A55C13F4-EDE7-4909-B79A-7225695AA6FF}"
	ProjectSection(WebsiteProperties) = preProject
		TargetFrameworkMoniker = ".NETFramework,Version%3Dv4.6.1"
		Debug.AspNetCompiler.VirtualPath = "/localhost_53102"
		Debug.AspNetCompiler.PhysicalPath = "WorkingWithGitInVisualStudio\"
		Debug.AspNetCompiler.TargetPath = "PrecompiledWeb\localhost_53102\"
		Debug.AspNetCompiler.Updateable = "true"
		Debug.AspNetCompiler.ForceOverwrite = "true"
		Debug.AspNetCompiler.FixedNames = "false"
		Debug.AspNetCompiler.Debug = "True"
		Release.AspNetCompiler.VirtualPath = "/localhost_53102"
		Release.AspNetCompiler.PhysicalPath = "WorkingWithGitInVisualStudio\"
		Release.AspNetCompiler.TargetPath = "PrecompiledWeb\localhost_53102\"
		Release.AspNetCompiler.Updateable = "true"
		Release.AspNetCompiler.ForceOverwrite = "true"
		Release.AspNetCompiler.FixedNames = "false"
		Release.AspNetCompiler.Debug = "False"
		VWDPort = "53102"
		SlnRelativePath = "WorkingWithGitInVisualStudio\"
		DefaultWebSiteLanguage = "Visual C#"
	EndProjectSection
EndProject
Global
	GlobalSection(SolutionConfigurationPlatforms) = preSolution
		Debug|Any CPU = Debug|Any CPU
	EndGlobalSection
	GlobalSection(ProjectConfigurationPlatforms) = postSolution
		{A55C13F4-EDE7-4909-B79A-7225695AA6FF}.Debug|Any CPU.ActiveCfg = Debug|Any CPU
		{A55C13F4-EDE7-4909-B79A-7225695AA6FF}.Debug|Any CPU.Build.0 = Debug|Any CPU
	EndGlobalSection
	GlobalSection(SolutionProperties) = preSolution
		HideSolutionNode = FALSE
	EndGlobalSection
	GlobalSection(ExtensibilityGlobals) = postSolution
		SolutionGuid = {37E42624-774C-4940-A122-55AF4D19895D}
	EndGlobalSection
EndGlobal
